// !$*UTF8*$!
{
	archiveVersion = 1;
	classes = {
	};
	objectVersion = 46;
	objects = {

/* Begin PBXBuildFile section */
		D20531141EB7A1DB0092E220 /* AppDelegate.swift in Sources */ = {isa = PBXBuildFile; fileRef = D20531131EB7A1DB0092E220 /* AppDelegate.swift */; };
		D20531161EB7A1DB0092E220 /* ViewController.swift in Sources */ = {isa = PBXBuildFile; fileRef = D20531151EB7A1DB0092E220 /* ViewController.swift */; };
		D20531191EB7A1DB0092E220 /* Main.storyboard in Resources */ = {isa = PBXBuildFile; fileRef = D20531171EB7A1DB0092E220 /* Main.storyboard */; };
		D205311B1EB7A1DB0092E220 /* Assets.xcassets in Resources */ = {isa = PBXBuildFile; fileRef = D205311A1EB7A1DB0092E220 /* Assets.xcassets */; };
		D205311E1EB7A1DB0092E220 /* LaunchScreen.storyboard in Resources */ = {isa = PBXBuildFile; fileRef = D205311C1EB7A1DB0092E220 /* LaunchScreen.storyboard */; };
		D205313B1EB7A22C0092E220 /* okvir.png in Resources */ = {isa = PBXBuildFile; fileRef = D20531271EB7A22C0092E220 /* okvir.png */; };
		D205313C1EB7A22C0092E220 /* pozadina.jpg in Resources */ = {isa = PBXBuildFile; fileRef = D20531281EB7A22C0092E220 /* pozadina.jpg */; };
		D205313D1EB7A22C0092E220 /* slika1Retro.jpg in Resources */ = {isa = PBXBuildFile; fileRef = D20531291EB7A22C0092E220 /* slika1Retro.jpg */; };
		D205313E1EB7A22C0092E220 /* slika2Retro.jpg in Resources */ = {isa = PBXBuildFile; fileRef = D205312A1EB7A22C0092E220 /* slika2Retro.jpg */; };
		D205313F1EB7A22C0092E220 /* slika3Retro.jpg in Resources */ = {isa = PBXBuildFile; fileRef = D205312B1EB7A22C0092E220 /* slika3Retro.jpg */; };
		D20531401EB7A22C0092E220 /* slika4Retro.jpg in Resources */ = {isa = PBXBuildFile; fileRef = D205312C1EB7A22C0092E220 /* slika4Retro.jpg */; };
		D20531411EB7A22C0092E220 /* slika5Retro.jpg in Resources */ = {isa = PBXBuildFile; fileRef = D205312D1EB7A22C0092E220 /* slika5Retro.jpg */; };
		D20531451EB7A22C0092E220 /* slikaKola1.jpg in Resources */ = {isa = PBXBuildFile; fileRef = D20531311EB7A22C0092E220 /* slikaKola1.jpg */; };
		D20531461EB7A22C0092E220 /* slikaKola2.jpg in Resources */ = {isa = PBXBuildFile; fileRef = D20531321EB7A22C0092E220 /* slikaKola2.jpg */; };
		D20531471EB7A22C0092E220 /* slikaKola3.jpg in Resources */ = {isa = PBXBuildFile; fileRef = D20531331EB7A22C0092E220 /* slikaKola3.jpg */; };
		D20531481EB7A22C0092E220 /* slikaKola4.jpg in Resources */ = {isa = PBXBuildFile; fileRef = D20531341EB7A22C0092E220 /* slikaKola4.jpg */; };
		D20531491EB7A22C0092E220 /* slikaKola5.jpg in Resources */ = {isa = PBXBuildFile; fileRef = D20531351EB7A22C0092E220 /* slikaKola5.jpg */; };
		D205319D1EBB98050092E220 /* wrong.png in Resources */ = {isa = PBXBuildFile; fileRef = D205319B1EBB98050092E220 /* wrong.png */; };
		D205319E1EBB98050092E220 /* yes.png in Resources */ = {isa = PBXBuildFile; fileRef = D205319C1EBB98050092E220 /* yes.png */; };
		D213FA2B1ED84AE7009CC9C9 /* slikaKola6.jpg in Resources */ = {isa = PBXBuildFile; fileRef = D213FA251ED84AE7009CC9C9 /* slikaKola6.jpg */; };
		D213FA2C1ED84AE7009CC9C9 /* slikaKola7.jpg in Resources */ = {isa = PBXBuildFile; fileRef = D213FA261ED84AE7009CC9C9 /* slikaKola7.jpg */; };
		D213FA2D1ED84AE7009CC9C9 /* slikaKola8.jpg in Resources */ = {isa = PBXBuildFile; fileRef = D213FA271ED84AE7009CC9C9 /* slikaKola8.jpg */; };
		D213FA2E1ED84AE7009CC9C9 /* slikaRetro6.jpg in Resources */ = {isa = PBXBuildFile; fileRef = D213FA281ED84AE7009CC9C9 /* slikaRetro6.jpg */; };
		D213FA2F1ED84AE7009CC9C9 /* slikaRetro7.jpg in Resources */ = {isa = PBXBuildFile; fileRef = D213FA291ED84AE7009CC9C9 /* slikaRetro7.jpg */; };
		D213FA301ED84AE7009CC9C9 /* slikaRetro8.jpg in Resources */ = {isa = PBXBuildFile; fileRef = D213FA2A1ED84AE7009CC9C9 /* slikaRetro8.jpg */; };
/* End PBXBuildFile section */

/* Begin PBXFileReference section */
		D20531101EB7A1DB0092E220 /* munja puzzle.app */ = {isa = PBXFileReference; explicitFileType = wrapper.application; includeInIndex = 0; path = "munja puzzle.app"; sourceTree = BUILT_PRODUCTS_DIR; };
		D20531131EB7A1DB0092E220 /* AppDelegate.swift */ = {isa = PBXFileReference; lastKnownFileType = sourcecode.swift; path = AppDelegate.swift; sourceTree = "<group>"; };
		D20531151EB7A1DB0092E220 /* ViewController.swift */ = {isa = PBXFileReference; lastKnownFileType = sourcecode.swift; path = ViewController.swift; sourceTree = "<group>"; };
		D20531181EB7A1DB0092E220 /* Base */ = {isa = PBXFileReference; lastKnownFileType = file.storyboard; name = Base; path = Base.lproj/Main.storyboard; sourceTree = "<group>"; };
		D205311A1EB7A1DB0092E220 /* Assets.xcassets */ = {isa = PBXFileReference; lastKnownFileType = folder.assetcatalog; path = Assets.xcassets; sourceTree = "<group>"; };
		D205311D1EB7A1DB0092E220 /* Base */ = {isa = PBXFileReference; lastKnownFileType = file.storyboard; name = Base; path = Base.lproj/LaunchScreen.storyboard; sourceTree = "<group>"; };
		D205311F1EB7A1DB0092E220 /* Info.plist */ = {isa = PBXFileReference; lastKnownFileType = text.plist.xml; path = Info.plist; sourceTree = "<group>"; };
		D20531271EB7A22C0092E220 /* okvir.png */ = {isa = PBXFileReference; lastKnownFileType = image.png; path = okvir.png; sourceTree = "<group>"; };
		D20531281EB7A22C0092E220 /* pozadina.jpg */ = {isa = PBXFileReference; lastKnownFileType = image.jpeg; path = pozadina.jpg; sourceTree = "<group>"; };
		D20531291EB7A22C0092E220 /* slika1Retro.jpg */ = {isa = PBXFileReference; lastKnownFileType = image.jpeg; path = slika1Retro.jpg; sourceTree = "<group>"; };
		D205312A1EB7A22C0092E220 /* slika2Retro.jpg */ = {isa = PBXFileReference; lastKnownFileType = image.jpeg; path = slika2Retro.jpg; sourceTree = "<group>"; };
		D205312B1EB7A22C0092E220 /* slika3Retro.jpg */ = {isa = PBXFileReference; lastKnownFileType = image.jpeg; path = slika3Retro.jpg; sourceTree = "<group>"; };
		D205312C1EB7A22C0092E220 /* slika4Retro.jpg */ = {isa = PBXFileReference; lastKnownFileType = image.jpeg; path = slika4Retro.jpg; sourceTree = "<group>"; };
		D205312D1EB7A22C0092E220 /* slika5Retro.jpg */ = {isa = PBXFileReference; lastKnownFileType = image.jpeg; path = slika5Retro.jpg; sourceTree = "<group>"; };
		D20531311EB7A22C0092E220 /* slikaKola1.jpg */ = {isa = PBXFileReference; lastKnownFileType = image.jpeg; path = slikaKola1.jpg; sourceTree = "<group>"; };
		D20531321EB7A22C0092E220 /* slikaKola2.jpg */ = {isa = PBXFileReference; lastKnownFileType = image.jpeg; path = slikaKola2.jpg; sourceTree = "<group>"; };
		D20531331EB7A22C0092E220 /* slikaKola3.jpg */ = {isa = PBXFileReference; lastKnownFileType = image.jpeg; path = slikaKola3.jpg; sourceTree = "<group>"; };
		D20531341EB7A22C0092E220 /* slikaKola4.jpg */ = {isa = PBXFileReference; lastKnownFileType = image.jpeg; path = slikaKola4.jpg; sourceTree = "<group>"; };
		D20531351EB7A22C0092E220 /* slikaKola5.jpg */ = {isa = PBXFileReference; lastKnownFileType = image.jpeg; path = slikaKola5.jpg; sourceTree = "<group>"; };
		D205319B1EBB98050092E220 /* wrong.png */ = {isa = PBXFileReference; lastKnownFileType = image.png; path = wrong.png; sourceTree = "<group>"; };
		D205319C1EBB98050092E220 /* yes.png */ = {isa = PBXFileReference; lastKnownFileType = image.png; path = yes.png; sourceTree = "<group>"; };
		D213FA251ED84AE7009CC9C9 /* slikaKola6.jpg */ = {isa = PBXFileReference; lastKnownFileType = image.jpeg; path = slikaKola6.jpg; sourceTree = "<group>"; };
		D213FA261ED84AE7009CC9C9 /* slikaKola7.jpg */ = {isa = PBXFileReference; lastKnownFileType = image.jpeg; path = slikaKola7.jpg; sourceTree = "<group>"; };
		D213FA271ED84AE7009CC9C9 /* slikaKola8.jpg */ = {isa = PBXFileReference; lastKnownFileType = image.jpeg; path = slikaKola8.jpg; sourceTree = "<group>"; };
		D213FA281ED84AE7009CC9C9 /* slikaRetro6.jpg */ = {isa = PBXFileReference; lastKnownFileType = image.jpeg; path = slikaRetro6.jpg; sourceTree = "<group>"; };
		D213FA291ED84AE7009CC9C9 /* slikaRetro7.jpg */ = {isa = PBXFileReference; lastKnownFileType = image.jpeg; path = slikaRetro7.jpg; sourceTree = "<group>"; };
		D213FA2A1ED84AE7009CC9C9 /* slikaRetro8.jpg */ = {isa = PBXFileReference; lastKnownFileType = image.jpeg; path = slikaRetro8.jpg; sourceTree = "<group>"; };
/* End PBXFileReference section */

/* Begin PBXFrameworksBuildPhase section */
		D205310D1EB7A1DB0092E220 /* Frameworks */ = {
			isa = PBXFrameworksBuildPhase;
			buildActionMask = 2147483647;
			files = (
			);
			runOnlyForDeploymentPostprocessing = 0;
		};
/* End PBXFrameworksBuildPhase section */

/* Begin PBXGroup section */
		D20531071EB7A1DB0092E220 = {
			isa = PBXGroup;
			children = (
				D20531121EB7A1DB0092E220 /* munja puzzle */,
				D20531111EB7A1DB0092E220 /* Products */,
			);
			sourceTree = "<group>";
		};
		D20531111EB7A1DB0092E220 /* Products */ = {
			isa = PBXGroup;
			children = (
				D20531101EB7A1DB0092E220 /* munja puzzle.app */,
			);
			name = Products;
			sourceTree = "<group>";
		};
		D20531121EB7A1DB0092E220 /* munja puzzle */ = {
			isa = PBXGroup;
			children = (
				D20531131EB7A1DB0092E220 /* AppDelegate.swift */,
				D20531151EB7A1DB0092E220 /* ViewController.swift */,
				D20531171EB7A1DB0092E220 /* Main.storyboard */,
				D205311A1EB7A1DB0092E220 /* Assets.xcassets */,
				D205311C1EB7A1DB0092E220 /* LaunchScreen.storyboard */,
				D205319C1EBB98050092E220 /* yes.png */,
				D20531271EB7A22C0092E220 /* okvir.png */,
				D20531281EB7A22C0092E220 /* pozadina.jpg */,
				D20531291EB7A22C0092E220 /* slika1Retro.jpg */,
				D205312A1EB7A22C0092E220 /* slika2Retro.jpg */,
				D205312B1EB7A22C0092E220 /* slika3Retro.jpg */,
				D205312C1EB7A22C0092E220 /* slika4Retro.jpg */,
				D205312D1EB7A22C0092E220 /* slika5Retro.jpg */,
				D20531311EB7A22C0092E220 /* slikaKola1.jpg */,
				D20531321EB7A22C0092E220 /* slikaKola2.jpg */,
				D20531331EB7A22C0092E220 /* slikaKola3.jpg */,
				D20531341EB7A22C0092E220 /* slikaKola4.jpg */,
				D20531351EB7A22C0092E220 /* slikaKola5.jpg */,
				D213FA251ED84AE7009CC9C9 /* slikaKola6.jpg */,
				D213FA261ED84AE7009CC9C9 /* slikaKola7.jpg */,
				D213FA271ED84AE7009CC9C9 /* slikaKola8.jpg */,
				D213FA281ED84AE7009CC9C9 /* slikaRetro6.jpg */,
				D213FA291ED84AE7009CC9C9 /* slikaRetro7.jpg */,
				D213FA2A1ED84AE7009CC9C9 /* slikaRetro8.jpg */,
				D205319B1EBB98050092E220 /* wrong.png */,
				D205311F1EB7A1DB0092E220 /* Info.plist */,
			);
			path = "munja puzzle";
			sourceTree = "<group>";
		};
/* End PBXGroup section */

/* Begin PBXNativeTarget section */
		D205310F1EB7A1DB0092E220 /* munja puzzle */ = {
			isa = PBXNativeTarget;
			buildConfigurationList = D20531221EB7A1DB0092E220 /* Build configuration list for PBXNativeTarget "munja puzzle" */;
			buildPhases = (
				D205310C1EB7A1DB0092E220 /* Sources */,
				D205310D1EB7A1DB0092E220 /* Frameworks */,
				D205310E1EB7A1DB0092E220 /* Resources */,
			);
			buildRules = (
			);
			dependencies = (
			);
			name = "munja puzzle";
			productName = "munja puzzle";
			productReference = D20531101EB7A1DB0092E220 /* munja puzzle.app */;
			productType = "com.apple.product-type.application";
		};
/* End PBXNativeTarget section */

/* Begin PBXProject section */
		D20531081EB7A1DB0092E220 /* Project object */ = {
			isa = PBXProject;
			attributes = {
				LastSwiftUpdateCheck = 0830;
				LastUpgradeCheck = 0830;
				ORGANIZATIONNAME = g11;
				TargetAttributes = {
					D205310F1EB7A1DB0092E220 = {
						CreatedOnToolsVersion = 8.3.2;
						DevelopmentTeam = B634WJ46GF;
						ProvisioningStyle = Automatic;
					};
				};
			};
			buildConfigurationList = D205310B1EB7A1DB0092E220 /* Build configuration list for PBXProject "munja puzzle" */;
			compatibilityVersion = "Xcode 3.2";
			developmentRegion = English;
			hasScannedForEncodings = 0;
			knownRegions = (
				en,
				Base,
			);
			mainGroup = D20531071EB7A1DB0092E220;
			productRefGroup = D20531111EB7A1DB0092E220 /* Products */;
			projectDirPath = "";
			projectRoot = "";
			targets = (
				D205310F1EB7A1DB0092E220 /* munja puzzle */,
			);
		};
/* End PBXProject section */

/* Begin PBXResourcesBuildPhase section */
		D205310E1EB7A1DB0092E220 /* Resources */ = {
			isa = PBXResourcesBuildPhase;
			buildActionMask = 2147483647;
			files = (
				D213FA2D1ED84AE7009CC9C9 /* slikaKola8.jpg in Resources */,
				D20531471EB7A22C0092E220 /* slikaKola3.jpg in Resources */,
				D205313B1EB7A22C0092E220 /* okvir.png in Resources */,
				D205319E1EBB98050092E220 /* yes.png in Resources */,
				D205311E1EB7A1DB0092E220 /* LaunchScreen.storyboard in Resources */,
				D213FA2F1ED84AE7009CC9C9 /* slikaRetro7.jpg in Resources */,
				D20531491EB7A22C0092E220 /* slikaKola5.jpg in Resources */,
				D20531411EB7A22C0092E220 /* slika5Retro.jpg in Resources */,
				D20531401EB7A22C0092E220 /* slika4Retro.jpg in Resources */,
				D213FA301ED84AE7009CC9C9 /* slikaRetro8.jpg in Resources */,
				D205313C1EB7A22C0092E220 /* pozadina.jpg in Resources */,
				D20531451EB7A22C0092E220 /* slikaKola1.jpg in Resources */,
				D205313E1EB7A22C0092E220 /* slika2Retro.jpg in Resources */,
				D213FA2C1ED84AE7009CC9C9 /* slikaKola7.jpg in Resources */,
				D205311B1EB7A1DB0092E220 /* Assets.xcassets in Resources */,
				D20531191EB7A1DB0092E220 /* Main.storyboard in Resources */,
				D213FA2E1ED84AE7009CC9C9 /* slikaRetro6.jpg in Resources */,
				D20531461EB7A22C0092E220 /* slikaKola2.jpg in Resources */,
				D205313D1EB7A22C0092E220 /* slika1Retro.jpg in Resources */,
				D20531481EB7A22C0092E220 /* slikaKola4.jpg in Resources */,
				D205313F1EB7A22C0092E220 /* slika3Retro.jpg in Resources */,
				D213FA2B1ED84AE7009CC9C9 /* slikaKola6.jpg in Resources */,
				D205319D1EBB98050092E220 /* wrong.png in Resources */,
			);
			runOnlyForDeploymentPostprocessing = 0;
		};
/* End PBXResourcesBuildPhase section */

/* Begin PBXSourcesBuildPhase section */
		D205310C1EB7A1DB0092E220 /* Sources */ = {
			isa = PBXSourcesBuildPhase;
			buildActionMask = 2147483647;
			files = (
				D20531161EB7A1DB0092E220 /* ViewController.swift in Sources */,
				D20531141EB7A1DB0092E220 /* AppDelegate.swift in Sources */,
			);
			runOnlyForDeploymentPostprocessing = 0;
		};
/* End PBXSourcesBuildPhase section */

/* Begin PBXVariantGroup section */
		D20531171EB7A1DB0092E220 /* Main.storyboard */ = {
			isa = PBXVariantGroup;
			children = (
				D20531181EB7A1DB0092E220 /* Base */,
			);
			name = Main.storyboard;
			sourceTree = "<group>";
		};
		D205311C1EB7A1DB0092E220 /* LaunchScreen.storyboard */ = {
			isa = PBXVariantGroup;
			children = (
				D205311D1EB7A1DB0092E220 /* Base */,
			);
			name = LaunchScreen.storyboard;
			sourceTree = "<group>";
		};
/* End PBXVariantGroup section */

/* Begin XCBuildConfiguration section */
		D20531201EB7A1DB0092E220 /* Debug */ = {
			isa = XCBuildConfiguration;
			buildSettings = {
				ALWAYS_SEARCH_USER_PATHS = NO;
				CLANG_ANALYZER_NONNULL = YES;
				CLANG_ANALYZER_NUMBER_OBJECT_CONVERSION = YES_AGGRESSIVE;
				CLANG_CXX_LANGUAGE_STANDARD = "gnu++0x";
				CLANG_CXX_LIBRARY = "libc++";
				CLANG_ENABLE_MODULES = YES;
				CLANG_ENABLE_OBJC_ARC = YES;
				CLANG_WARN_BOOL_CONVERSION = YES;
				CLANG_WARN_CONSTANT_CONVERSION = YES;
				CLANG_WARN_DIRECT_OBJC_ISA_USAGE = YES_ERROR;
				CLANG_WARN_DOCUMENTATION_COMMENTS = YES;
				CLANG_WARN_EMPTY_BODY = YES;
				CLANG_WARN_ENUM_CONVERSION = YES;
				CLANG_WARN_INFINITE_RECURSION = YES;
				CLANG_WARN_INT_CONVERSION = YES;
				CLANG_WARN_OBJC_ROOT_CLASS = YES_ERROR;
				CLANG_WARN_SUSPICIOUS_MOVE = YES;
				CLANG_WARN_UNREACHABLE_CODE = YES;
				CLANG_WARN__DUPLICATE_METHOD_MATCH = YES;
				"CODE_SIGN_IDENTITY[sdk=iphoneos*]" = "iPhone Developer";
				COPY_PHASE_STRIP = NO;
				DEBUG_INFORMATION_FORMAT = dwarf;
				ENABLE_STRICT_OBJC_MSGSEND = YES;
				ENABLE_TESTABILITY = YES;
				GCC_C_LANGUAGE_STANDARD = gnu99;
				GCC_DYNAMIC_NO_PIC = NO;
				GCC_NO_COMMON_BLOCKS = YES;
				GCC_OPTIMIZATION_LEVEL = 0;
				GCC_PREPROCESSOR_DEFINITIONS = (
					"DEBUG=1",
					"$(inherited)",
				);
				GCC_WARN_64_TO_32_BIT_CONVERSION = YES;
				GCC_WARN_ABOUT_RETURN_TYPE = YES_ERROR;
				GCC_WARN_UNDECLARED_SELECTOR = YES;
				GCC_WARN_UNINITIALIZED_AUTOS = YES_AGGRESSIVE;
				GCC_WARN_UNUSED_FUNCTION = YES;
				GCC_WARN_UNUSED_VARIABLE = YES;
				IPHONEOS_DEPLOYMENT_TARGET = 10.3;
				MTL_ENABLE_DEBUG_INFO = YES;
				ONLY_ACTIVE_ARCH = YES;
				SDKROOT = iphoneos;
				SWIFT_ACTIVE_COMPILATION_CONDITIONS = DEBUG;
				SWIFT_OPTIMIZATION_LEVEL = "-Onone";
				TARGETED_DEVICE_FAMILY = "1,2";
			};
			name = Debug;
		};
		D20531211EB7A1DB0092E220 /* Release */ = {
			isa = XCBuildConfiguration;
			buildSettings = {
				ALWAYS_SEARCH_USER_PATHS = NO;
				CLANG_ANALYZER_NONNULL = YES;
				CLANG_ANALYZER_NUMBER_OBJECT_CONVERSION = YES_AGGRESSIVE;
				CLANG_CXX_LANGUAGE_STANDARD = "gnu++0x";
				CLANG_CXX_LIBRARY = "libc++";
				CLANG_ENABLE_MODULES = YES;
				CLANG_ENABLE_OBJC_ARC = YES;
				CLANG_WARN_BOOL_CONVERSION = YES;
				CLANG_WARN_CONSTANT_CONVERSION = YES;
				CLANG_WARN_DIRECT_OBJC_ISA_USAGE = YES_ERROR;
				CLANG_WARN_DOCUMENTATION_COMMENTS = YES;
				CLANG_WARN_EMPTY_BODY = YES;
				CLANG_WARN_ENUM_CONVERSION = YES;
				CLANG_WARN_INFINITE_RECURSION = YES;
				CLANG_WARN_INT_CONVERSION = YES;
				CLANG_WARN_OBJC_ROOT_CLASS = YES_ERROR;
				CLANG_WARN_SUSPICIOUS_MOVE = YES;
				CLANG_WARN_UNREACHABLE_CODE = YES;
				CLANG_WARN__DUPLICATE_METHOD_MATCH = YES;
				"CODE_SIGN_IDENTITY[sdk=iphoneos*]" = "iPhone Developer";
				COPY_PHASE_STRIP = NO;
				DEBUG_INFORMATION_FORMAT = "dwarf-with-dsym";
				ENABLE_NS_ASSERTIONS = NO;
				ENABLE_STRICT_OBJC_MSGSEND = YES;
				GCC_C_LANGUAGE_STANDARD = gnu99;
				GCC_NO_COMMON_BLOCKS = YES;
				GCC_WARN_64_TO_32_BIT_CONVERSION = YES;
				GCC_WARN_ABOUT_RETURN_TYPE = YES_ERROR;
				GCC_WARN_UNDECLARED_SELECTOR = YES;
				GCC_WARN_UNINITIALIZED_AUTOS = YES_AGGRESSIVE;
				GCC_WARN_UNUSED_FUNCTION = YES;
				GCC_WARN_UNUSED_VARIABLE = YES;
				IPHONEOS_DEPLOYMENT_TARGET = 10.3;
				MTL_ENABLE_DEBUG_INFO = NO;
				SDKROOT = iphoneos;
				SWIFT_OPTIMIZATION_LEVEL = "-Owholemodule";
				TARGETED_DEVICE_FAMILY = "1,2";
				VALIDATE_PRODUCT = YES;
			};
			name = Release;
		};
		D20531231EB7A1DB0092E220 /* Debug */ = {
			isa = XCBuildConfiguration;
			buildSettings = {
				ASSETCATALOG_COMPILER_APPICON_NAME = AppIcon;
				DEVELOPMENT_TEAM = B634WJ46GF;
				INFOPLIST_FILE = "munja puzzle/Info.plist";
				LD_RUNPATH_SEARCH_PATHS = "$(inherited) @executable_path/Frameworks";
				PRODUCT_BUNDLE_IDENTIFIER = "com.crossover.g11.ThunderCar-puzzle";
				PRODUCT_NAME = "$(TARGET_NAME)";
				SWIFT_VERSION = 3.0;
			};
			name = Debug;
		};
		D20531241EB7A1DB0092E220 /* Release */ = {
			isa = XCBuildConfiguration;
			buildSettings = {
				ASSETCATALOG_COMPILER_APPICON_NAME = AppIcon;
				DEVELOPMENT_TEAM = B634WJ46GF;
				INFOPLIST_FILE = "munja puzzle/Info.plist";
				LD_RUNPATH_SEARCH_PATHS = "$(inherited) @executable_path/Frameworks";
				PRODUCT_BUNDLE_IDENTIFIER = "com.crossover.g11.ThunderCar-puzzle";
				PRODUCT_NAME = "$(TARGET_NAME)";
				SWIFT_VERSION = 3.0;
			};
			name = Release;
		};
/* End XCBuildConfiguration section */

/* Begin XCConfigurationList section */
		D205310B1EB7A1DB0092E220 /* Build configuration list for PBXProject "munja puzzle" */ = {
			isa = XCConfigurationList;
			buildConfigurations = (
				D20531201EB7A1DB0092E220 /* Debug */,
				D20531211EB7A1DB0092E220 /* Release */,
			);
			defaultConfigurationIsVisible = 0;
			defaultConfigurationName = Release;
		};
		D20531221EB7A1DB0092E220 /* Build configuration list for PBXNativeTarget "munja puzzle" */ = {
			isa = XCConfigurationList;
			buildConfigurations = (
				D20531231EB7A1DB0092E220 /* Debug */,
				D20531241EB7A1DB0092E220 /* Release */,
			);
			defaultConfigurationIsVisible = 0;
			defaultConfigurationName = Release;
		};
/* End XCConfigurationList section */
	};
	rootObject = D20531081EB7A1DB0092E220 /* Project object */;
}
